<?xml version="1.0" encoding="utf-8"?>
<Project ToolsVersion="4.0" xmlns="http://schemas.microsoft.com/developer/msbuild/2003">
  <ItemGroup>
    <Filter Include="ソース ファイル">
      <UniqueIdentifier>{4FC737F1-C7A5-4376-A066-2A32D752A2FF}</UniqueIdentifier>
      <Extensions>cpp;c;cc;cxx;def;odl;idl;hpj;bat;asm;asmx</Extensions>
    </Filter>
    <Filter Include="ソース ファイル\Task">
      <UniqueIdentifier>{47f4c948-9aa7-4446-a7ff-32134d604104}</UniqueIdentifier>
    </Filter>
    <Filter Include="ソース ファイル\Task\Task_Back">
      <UniqueIdentifier>{a302c28d-ff1c-44d6-b64e-811f80f20960}</UniqueIdentifier>
    </Filter>
    <Filter Include="システム">
      <UniqueIdentifier>{92d8ddd5-9234-41d4-98b5-fd4667384885}</UniqueIdentifier>
    </Filter>
    <Filter Include="システム\Image">
      <UniqueIdentifier>{6efafe19-41e4-4454-b93c-354154564618}</UniqueIdentifier>
    </Filter>
    <Filter Include="システム\Input">
      <UniqueIdentifier>{64d89c6f-b34c-41c4-8172-dc83545166c7}</UniqueIdentifier>
    </Filter>
    <Filter Include="システム\System">
      <UniqueIdentifier>{8bbf3bd2-baa7-4ca3-a91b-8ad0c2e46790}</UniqueIdentifier>
    </Filter>
    <Filter Include="システム\TaskSystem">
      <UniqueIdentifier>{269b6ff9-6fd9-4bf1-8afd-77d94eaeac39}</UniqueIdentifier>
    </Filter>
    <Filter Include="ソース ファイル\Task\Task_Card">
      <UniqueIdentifier>{0d40e178-89f6-4c85-8690-88d16c884bf7}</UniqueIdentifier>
    </Filter>
    <Filter Include="ソース ファイル\Class">
      <UniqueIdentifier>{28b274d1-0442-4fbb-9cb2-358108c8defa}</UniqueIdentifier>
    </Filter>
    <Filter Include="ソース ファイル\Task\Task_Effect">
      <UniqueIdentifier>{4f0cfd69-806b-4068-985c-1c207ee194a5}</UniqueIdentifier>
    </Filter>
    <Filter Include="ソース ファイル\Class\Card">
      <UniqueIdentifier>{483a6934-313a-424c-8374-b4883557d324}</UniqueIdentifier>
    </Filter>
    <Filter Include="ソース ファイル\Class\Move">
      <UniqueIdentifier>{42d627e5-e9b1-4fa3-97af-d59a7dbf0417}</UniqueIdentifier>
    </Filter>
    <Filter Include="ソース ファイル\Task\Etc">
      <UniqueIdentifier>{bfad7b67-b371-45d5-a812-cdbb89c072b9}</UniqueIdentifier>
    </Filter>
    <Filter Include="システム\Tools">
      <UniqueIdentifier>{1b1dd403-1bbf-41cb-aa54-5db5c0f85585}</UniqueIdentifier>
    </Filter>
    <Filter Include="ソース ファイル\Task\Task_UI">
      <UniqueIdentifier>{54e46b2e-ccda-4d4b-bc20-6c3a031a3be4}</UniqueIdentifier>
    </Filter>
    <Filter Include="ソース ファイル\Task\Task_Scene">
      <UniqueIdentifier>{e6bb2ec2-7b3e-4942-a92b-106b6935531a}</UniqueIdentifier>
    </Filter>
    <Filter Include="ソース ファイル\Task\Task_Scene\Game">
      <UniqueIdentifier>{8d809eb8-995e-4157-8153-eae5b6afeff6}</UniqueIdentifier>
    </Filter>
    <Filter Include="ソース ファイル\Task\Task_Scene\Title">
      <UniqueIdentifier>{1644d8d5-b98e-4e7a-be91-545459ba8508}</UniqueIdentifier>
    </Filter>
  </ItemGroup>
  <ItemGroup>
    <ClCompile Include="src\SystemDefine.cpp">
      <Filter>システム\System</Filter>
    </ClCompile>
    <ClCompile Include="src\GameSystem.cpp">
      <Filter>システム\System</Filter>
    </ClCompile>
    <ClCompile Include="src\ButtonInfo.cpp">
      <Filter>システム\Input</Filter>
    </ClCompile>
    <ClCompile Include="src\InputState.cpp">
      <Filter>システム\Input</Filter>
    </ClCompile>
    <ClCompile Include="src\Math.cpp">
      <Filter>システム\Tools</Filter>
    </ClCompile>
    <ClCompile Include="src\TimeCounter.cpp">
      <Filter>システム\Tools</Filter>
    </ClCompile>
    <ClCompile Include="src\TaskAbstract.cpp">
      <Filter>システム\TaskSystem</Filter>
    </ClCompile>
    <ClCompile Include="src\Fps.cpp">
      <Filter>システム\System</Filter>
    </ClCompile>
    <ClCompile Include="src\TaskSystem.cpp">
      <Filter>システム\TaskSystem</Filter>
    </ClCompile>
    <ClCompile Include="src\ImageLoader.cpp">
      <Filter>システム\Image</Filter>
    </ClCompile>
    <ClCompile Include="src\ImageDrawer.cpp">
      <Filter>システム\Image</Filter>
    </ClCompile>
    <ClCompile Include="src\Task_SceneTitle.cpp">
      <Filter>ソース ファイル\Task\Task_Scene\Title</Filter>
    </ClCompile>
    <ClCompile Include="src\Task_Back.cpp">
      <Filter>ソース ファイル\Task\Task_Back</Filter>
    </ClCompile>
    <ClCompile Include="src\Task_SceneGame.cpp">
      <Filter>ソース ファイル\Task\Task_Scene\Game</Filter>
    </ClCompile>
    <ClCompile Include="src\main.cpp">
      <Filter>システム</Filter>
    </ClCompile>
    <ClCompile Include="src\Task_CardJudge.cpp">
      <Filter>ソース ファイル\Task\Task_Card</Filter>
    </ClCompile>
    <ClCompile Include="src\Task_JudgeEffect.cpp">
      <Filter>ソース ファイル\Task\Task_Effect</Filter>
    </ClCompile>
    <ClCompile Include="src\Card.cpp">
      <Filter>ソース ファイル\Class\Card</Filter>
    </ClCompile>
    <ClCompile Include="src\EasingMover.cpp">
      <Filter>ソース ファイル\Class\Move</Filter>
    </ClCompile>
    <ClCompile Include="src\Resource_Card.cpp">
      <Filter>ソース ファイル\Task\Task_Card</Filter>
    </ClCompile>
    <ClCompile Include="src\Task_GameTimer.cpp">
      <Filter>ソース ファイル\Task\Task_UI</Filter>
    </ClCompile>
    <ClCompile Include="src\CardCounter.cpp">
      <Filter>ソース ファイル\Class\Card</Filter>
    </ClCompile>
    <ClCompile Include="src\Task_LogoCard.cpp">
      <Filter>ソース ファイル\Task\Task_Card</Filter>
    </ClCompile>
    <ClCompile Include="src\Task_CenterCard.cpp">
      <Filter>ソース ファイル\Task\Task_Card</Filter>
    </ClCompile>
    <ClCompile Include="src\Task_HandCard.cpp">
      <Filter>ソース ファイル\Task\Task_Card</Filter>
    </ClCompile>
    <ClCompile Include="src\GameDefine.cpp">
      <Filter>ソース ファイル\Task\Etc</Filter>
    </ClCompile>
    <ClCompile Include="src\Task_GameScore.cpp">
      <Filter>ソース ファイル\Task\Task_UI</Filter>
    </ClCompile>
  </ItemGroup>
  <ItemGroup>
    <ClInclude Include="src\SystemDefine.h">
      <Filter>システム\System</Filter>
    </ClInclude>
    <ClInclude Include="src\GameSystem.h">
      <Filter>システム\System</Filter>
    </ClInclude>
    <ClInclude Include="src\ButtonInfo.h">
      <Filter>システム\Input</Filter>
    </ClInclude>
    <ClInclude Include="src\InputState.h">
      <Filter>システム\Input</Filter>
    </ClInclude>
    <ClInclude Include="src\Math.h">
      <Filter>システム\Tools</Filter>
    </ClInclude>
    <ClInclude Include="src\TimeCounter.h">
      <Filter>システム\Tools</Filter>
    </ClInclude>
    <ClInclude Include="src\TaskAbstract.h">
      <Filter>システム\TaskSystem</Filter>
    </ClInclude>
    <ClInclude Include="src\Fps.h">
      <Filter>システム\System</Filter>
    </ClInclude>
    <ClInclude Include="src\TaskSystem.h">
      <Filter>システム\TaskSystem</Filter>
    </ClInclude>
    <ClInclude Include="src\ImageLoader.h">
      <Filter>システム\Image</Filter>
    </ClInclude>
    <ClInclude Include="src\ImageDrawer.h">
      <Filter>システム\Image</Filter>
    </ClInclude>
    <ClInclude Include="src\Task_SceneTitle.h">
      <Filter>ソース ファイル\Task\Task_Scene\Title</Filter>
    </ClInclude>
    <ClInclude Include="src\Task_Back.h">
      <Filter>ソース ファイル\Task\Task_Back</Filter>
    </ClInclude>
    <ClInclude Include="src\Task_SceneGame.h">
      <Filter>ソース ファイル\Task\Task_Scene\Game</Filter>
    </ClInclude>
    <ClInclude Include="src\Easing.h">
      <Filter>システム\Tools</Filter>
    </ClInclude>
    <ClInclude Include="src\Task_CardJudge.h">
      <Filter>ソース ファイル\Task\Task_Card</Filter>
    </ClInclude>
    <ClInclude Include="src\Task_JudgeEffect.h">
      <Filter>ソース ファイル\Task\Task_Effect</Filter>
    </ClInclude>
    <ClInclude Include="src\Card.h">
      <Filter>ソース ファイル\Class\Card</Filter>
    </ClInclude>
    <ClInclude Include="src\EasingMover.h">
      <Filter>ソース ファイル\Class\Move</Filter>
    </ClInclude>
    <ClInclude Include="src\Resource_Card.h">
      <Filter>ソース ファイル\Task\Task_Card</Filter>
    </ClInclude>
    <ClInclude Include="src\Task_GameTimer.h">
      <Filter>ソース ファイル\Task\Task_UI</Filter>
    </ClInclude>
    <ClInclude Include="src\CardCounter.h">
      <Filter>ソース ファイル\Class\Card</Filter>
    </ClInclude>
    <ClInclude Include="src\Task_LogoCard.h">
      <Filter>ソース ファイル\Task\Task_Card</Filter>
    </ClInclude>
    <ClInclude Include="src\Task_CenterCard.h">
      <Filter>ソース ファイル\Task\Task_Card</Filter>
    </ClInclude>
    <ClInclude Include="src\Task_HandCard.h">
      <Filter>ソース ファイル\Task\Task_Card</Filter>
    </ClInclude>
    <ClInclude Include="src\GameDefine.h">
      <Filter>ソース ファイル\Task\Etc</Filter>
    </ClInclude>
    <ClInclude Include="src\Task_GameScore.h">
      <Filter>ソース ファイル\Task\Task_UI</Filter>
    </ClInclude>
  </ItemGroup>
</Project>